// !$*UTF8*$!
{
	archiveVersion = 1;
	classes = {
	};
	objectVersion = 46;
	objects = {

/* Begin PBXBuildFile section */
		5ABE7CEB17C99B2400395464 /* main.cpp in Sources */ = {isa = PBXBuildFile; fileRef = 5ABE7CEA17C99B2400395464 /* main.cpp */; };
		5ABE7CED17C99B2400395464 /* CPlus_Day1.1 in CopyFiles */ = {isa = PBXBuildFile; fileRef = 5ABE7CEC17C99B2400395464 /* CPlus_Day1.1 */; };
/* End PBXBuildFile section */

/* Begin PBXCopyFilesBuildPhase section */
		5ABE7CE517C99B2400395464 /* CopyFiles */ = {
			isa = PBXCopyFilesBuildPhase;
			buildActionMask = 2147483647;
			dstPath = /usr/share/man/man1/;
			dstSubfolderSpec = 0;
			files = (
				5ABE7CED17C99B2400395464 /* CPlus_Day1.1 in CopyFiles */,
			);
			runOnlyForDeploymentPostprocessing = 1;
		};
/* End PBXCopyFilesBuildPhase section */

/* Begin PBXFileReference section */
		5ABE7CE717C99B2400395464 /* CPlus-Day1 */ = {isa = PBXFileReference; explicitFileType = "compiled.mach-o.executable"; includeInIndex = 0; path = "CPlus-Day1"; sourceTree = BUILT_PRODUCTS_DIR; };
		5ABE7CEA17C99B2400395464 /* main.cpp */ = {isa = PBXFileReference; lastKnownFileType = sourcecode.cpp.cpp; path = main.cpp; sourceTree = "<group>"; };
		5ABE7CEC17C99B2400395464 /* CPlus_Day1.1 */ = {isa = PBXFileReference; lastKnownFileType = text.man; path = CPlus_Day1.1; sourceTree = "<group>"; };
/* End PBXFileReference section */

/* Begin PBXFrameworksBuildPhase section */
		5ABE7CE417C99B2400395464 /* Frameworks */ = {
			isa = PBXFrameworksBuildPhase;
			buildActionMask = 2147483647;
			files = (
			);
			runOnlyForDeploymentPostprocessing = 0;
		};
/* End PBXFrameworksBuildPhase section */

/* Begin PBXGroup section */
		5ABE7CDE17C99B2400395464 = {
			isa = PBXGroup;
			children = (
				5ABE7CE917C99B2400395464 /* CPlus-Day1 */,
				5ABE7CE817C99B2400395464 /* Products */,
			);
			sourceTree = "<group>";
		};
		5ABE7CE817C99B2400395464 /* Products */ = {
			isa = PBXGroup;
			children = (
				5ABE7CE717C99B2400395464 /* CPlus-Day1 */,
			);
			name = Products;
			sourceTree = "<group>";
		};
		5ABE7CE917C99B2400395464 /* CPlus-Day1 */ = {
			isa = PBXGroup;
			children = (
				5ABE7CEA17C99B2400395464 /* main.cpp */,
				5ABE7CEC17C99B2400395464 /* CPlus_Day1.1 */,
			);
			path = "CPlus-Day1";
			sourceTree = "<group>";
		};
/* End PBXGroup section */

/* Begin PBXNativeTarget section */
		5ABE7CE617C99B2400395464 /* CPlus-Day1 */ = {
			isa = PBXNativeTarget;
			buildConfigurationList = 5ABE7CF017C99B2400395464 /* Build configuration list for PBXNativeTarget "CPlus-Day1" */;
			buildPhases = (
				5ABE7CE317C99B2400395464 /* Sources */,
				5ABE7CE417C99B2400395464 /* Frameworks */,
				5ABE7CE517C99B2400395464 /* CopyFiles */,
			);
			buildRules = (
			);
			dependencies = (
			);
			name = "CPlus-Day1";
			productName = "CPlus-Day1";
			productReference = 5ABE7CE717C99B2400395464 /* CPlus-Day1 */;
			productType = "com.apple.product-type.tool";
		};
/* End PBXNativeTarget section */

/* Begin PBXProject section */
		5ABE7CDF17C99B2400395464 /* Project object */ = {
			isa = PBXProject;
			attributes = {
				LastUpgradeCheck = 0460;
				ORGANIZATIONNAME = liu;
			};
			buildConfigurationList = 5ABE7CE217C99B2400395464 /* Build configuration list for PBXProject "CPlus-Day1" */;
			compatibilityVersion = "Xcode 3.2";
			developmentRegion = English;
			hasScannedForEncodings = 0;
			knownRegions = (
				en,
			);
			mainGroup = 5ABE7CDE17C99B2400395464;
			productRefGroup = 5ABE7CE817C99B2400395464 /* Products */;
			projectDirPath = "";
			projectRoot = "";
			targets = (
				5ABE7CE617C99B2400395464 /* CPlus-Day1 */,
			);
		};
/* End PBXProject section */

/* Begin PBXSourcesBuildPhase section */
		5ABE7CE317C99B2400395464 /* Sources */ = {
			isa = PBXSourcesBuildPhase;
			buildActionMask = 2147483647;
			files = (
				5ABE7CEB17C99B2400395464 /* main.cpp in Sources */,
			);
			runOnlyForDeploymentPostprocessing = 0;
		};
/* End PBXSourcesBuildPhase section */

/* Begin XCBuildConfiguration section */
		5ABE7CEE17C99B2400395464 /* Debug */ = {
			isa = XCBuildConfiguration;
			buildSettings = {
				ALWAYS_SEARCH_USER_PATHS = NO;
				ARCHS = "$(ARCHS_STANDARD_64_BIT)";
				CLANG_CXX_LANGUAGE_STANDARD = "gnu++0x";
				CLANG_CXX_LIBRARY = "libc++";
				CLANG_WARN_CONSTANT_CONVERSION = YES;
				CLANG_WARN_EMPTY_BODY = YES;
				CLANG_WARN_ENUM_CONVERSION = YES;
				CLANG_WARN_INT_CONVERSION = YES;
				CLANG_WARN__DUPLICATE_METHOD_MATCH = YES;
				COPY_PHASE_STRIP = NO;
				GCC_C_LANGUAGE_STANDARD = gnu99;
				GCC_DYNAMIC_NO_PIC = NO;
				GCC_ENABLE_OBJC_EXCEPTIONS = YES;
				GCC_OPTIMIZATION_LEVEL = 0;
				GCC_PREPROCESSOR_DEFINITIONS = (
					"DEBUG=1",
					"$(inherited)",
				);
				GCC_SYMBOLS_PRIVATE_EXTERN = NO;
				GCC_WARN_64_TO_32_BIT_CONVERSION = YES;
				GCC_WARN_ABOUT_RETURN_TYPE = YES;
				GCC_WARN_UNINITIALIZED_AUTOS = YES;
				GCC_WARN_UNUSED_VARIABLE = YES;
				MACOSX_DEPLOYMENT_TARGET = 10.8;
				ONLY_ACTIVE_ARCH = YES;
				SDKROOT = macosx;
			};
			name = Debug;
		};
		5ABE7CEF17C99B2400395464 /* Release */ = {
			isa = XCBuildConfiguration;
			buildSettings = {
				ALWAYS_SEARCH_USER_PATHS = NO;
				ARCHS = "$(ARCHS_STANDARD_64_BIT)";
				CLANG_CXX_LANGUAGE_STANDARD = "gnu++0x";
				CLANG_CXX_LIBRARY = "libc++";
				CLANG_WARN_CONSTANT_CONVERSION = YES;
				CLANG_WARN_EMPTY_BODY = YES;
				CLANG_WARN_ENUM_CONVERSION = YES;
				CLANG_WARN_INT_CONVERSION = YES;
				CLANG_WARN__DUPLICATE_METHOD_MATCH = YES;
				COPY_PHASE_STRIP = YES;
				DEBUG_INFORMATION_FORMAT = "dwarf-with-dsym";
				GCC_C_LANGUAGE_STANDARD = gnu99;
				GCC_ENABLE_OBJC_EXCEPTIONS = YES;
				GCC_WARN_64_TO_32_BIT_CONVERSION = YES;
				GCC_WARN_ABOUT_RETURN_TYPE = YES;
				GCC_WARN_UNINITIALIZED_AUTOS = YES;
				GCC_WARN_UNUSED_VARIABLE = YES;
				MACOSX_DEPLOYMENT_TARGET = 10.8;
				SDKROOT = macosx;
			};
			name = Release;
		};
		5ABE7CF117C99B2400395464 /* Debug */ = {
			isa = XCBuildConfiguration;
			buildSettings = {
				PRODUCT_NAME = "$(TARGET_NAME)";
			};
			name = Debug;
		};
		5ABE7CF217C99B2400395464 /* Release */ = {
			isa = XCBuildConfiguration;
			buildSettings = {
				PRODUCT_NAME = "$(TARGET_NAME)";
			};
			name = Release;
		};
/* End XCBuildConfiguration section */

/* Begin XCConfigurationList section */
		5ABE7CE217C99B2400395464 /* Build configuration list for PBXProject "CPlus-Day1" */ = {
			isa = XCConfigurationList;
			buildConfigurations = (
				5ABE7CEE17C99B2400395464 /* Debug */,
				5ABE7CEF17C99B2400395464 /* Release */,
			);
			defaultConfigurationIsVisible = 0;
			defaultConfigurationName = Release;
		};
		5ABE7CF017C99B2400395464 /* Build configuration list for PBXNativeTarget "CPlus-Day1" */ = {
			isa = XCConfigurationList;
			buildConfigurations = (
				5ABE7CF117C99B2400395464 /* Debug */,
				5ABE7CF217C99B2400395464 /* Release */,
			);
			defaultConfigurationIsVisible = 0;
		};
/* End XCConfigurationList section */
	};
	rootObject = 5ABE7CDF17C99B2400395464 /* Project object */;
}
