// !$*UTF8*$!
{
	archiveVersion = 1;
	classes = {
	};
	objectVersion = 46;
	objects = {

/* Begin PBXBuildFile section */
		5A9EB33717DC5030000A386B /* main.cpp in Sources */ = {isa = PBXBuildFile; fileRef = 5A9EB33617DC5030000A386B /* main.cpp */; };
		5A9EB33917DC5031000A386B /* cppExtendsDemo.1 in CopyFiles */ = {isa = PBXBuildFile; fileRef = 5A9EB33817DC5031000A386B /* cppExtendsDemo.1 */; };
		5A9EB34117DC50F5000A386B /* Location.cpp in Sources */ = {isa = PBXBuildFile; fileRef = 5A9EB34017DC50F5000A386B /* Location.cpp */; };
		5A9EB34417DC54ED000A386B /* Rectangle.cpp in Sources */ = {isa = PBXBuildFile; fileRef = 5A9EB34317DC54ED000A386B /* Rectangle.cpp */; };
/* End PBXBuildFile section */

/* Begin PBXCopyFilesBuildPhase section */
		5A9EB33117DC5030000A386B /* CopyFiles */ = {
			isa = PBXCopyFilesBuildPhase;
			buildActionMask = 2147483647;
			dstPath = /usr/share/man/man1/;
			dstSubfolderSpec = 0;
			files = (
				5A9EB33917DC5031000A386B /* cppExtendsDemo.1 in CopyFiles */,
			);
			runOnlyForDeploymentPostprocessing = 1;
		};
/* End PBXCopyFilesBuildPhase section */

/* Begin PBXFileReference section */
		5A9EB33317DC5030000A386B /* cppExtendsDemo */ = {isa = PBXFileReference; explicitFileType = "compiled.mach-o.executable"; includeInIndex = 0; path = cppExtendsDemo; sourceTree = BUILT_PRODUCTS_DIR; };
		5A9EB33617DC5030000A386B /* main.cpp */ = {isa = PBXFileReference; lastKnownFileType = sourcecode.cpp.cpp; path = main.cpp; sourceTree = "<group>"; };
		5A9EB33817DC5031000A386B /* cppExtendsDemo.1 */ = {isa = PBXFileReference; lastKnownFileType = text.man; path = cppExtendsDemo.1; sourceTree = "<group>"; };
		5A9EB33F17DC5064000A386B /* Location.h */ = {isa = PBXFileReference; lastKnownFileType = sourcecode.c.h; path = Location.h; sourceTree = "<group>"; };
		5A9EB34017DC50F5000A386B /* Location.cpp */ = {isa = PBXFileReference; fileEncoding = 4; lastKnownFileType = sourcecode.cpp.cpp; path = Location.cpp; sourceTree = "<group>"; };
		5A9EB34217DC5421000A386B /* Rectangle.h */ = {isa = PBXFileReference; lastKnownFileType = sourcecode.c.h; path = Rectangle.h; sourceTree = "<group>"; };
		5A9EB34317DC54ED000A386B /* Rectangle.cpp */ = {isa = PBXFileReference; fileEncoding = 4; lastKnownFileType = sourcecode.cpp.cpp; path = Rectangle.cpp; sourceTree = "<group>"; };
/* End PBXFileReference section */

/* Begin PBXFrameworksBuildPhase section */
		5A9EB33017DC5030000A386B /* Frameworks */ = {
			isa = PBXFrameworksBuildPhase;
			buildActionMask = 2147483647;
			files = (
			);
			runOnlyForDeploymentPostprocessing = 0;
		};
/* End PBXFrameworksBuildPhase section */

/* Begin PBXGroup section */
		5A9EB32A17DC5030000A386B = {
			isa = PBXGroup;
			children = (
				5A9EB33517DC5030000A386B /* cppExtendsDemo */,
				5A9EB33417DC5030000A386B /* Products */,
			);
			sourceTree = "<group>";
		};
		5A9EB33417DC5030000A386B /* Products */ = {
			isa = PBXGroup;
			children = (
				5A9EB33317DC5030000A386B /* cppExtendsDemo */,
			);
			name = Products;
			sourceTree = "<group>";
		};
		5A9EB33517DC5030000A386B /* cppExtendsDemo */ = {
			isa = PBXGroup;
			children = (
				5A9EB33617DC5030000A386B /* main.cpp */,
				5A9EB33817DC5031000A386B /* cppExtendsDemo.1 */,
				5A9EB33F17DC5064000A386B /* Location.h */,
				5A9EB34017DC50F5000A386B /* Location.cpp */,
				5A9EB34217DC5421000A386B /* Rectangle.h */,
				5A9EB34317DC54ED000A386B /* Rectangle.cpp */,
			);
			path = cppExtendsDemo;
			sourceTree = "<group>";
		};
/* End PBXGroup section */

/* Begin PBXNativeTarget section */
		5A9EB33217DC5030000A386B /* cppExtendsDemo */ = {
			isa = PBXNativeTarget;
			buildConfigurationList = 5A9EB33C17DC5031000A386B /* Build configuration list for PBXNativeTarget "cppExtendsDemo" */;
			buildPhases = (
				5A9EB32F17DC5030000A386B /* Sources */,
				5A9EB33017DC5030000A386B /* Frameworks */,
				5A9EB33117DC5030000A386B /* CopyFiles */,
			);
			buildRules = (
			);
			dependencies = (
			);
			name = cppExtendsDemo;
			productName = cppExtendsDemo;
			productReference = 5A9EB33317DC5030000A386B /* cppExtendsDemo */;
			productType = "com.apple.product-type.tool";
		};
/* End PBXNativeTarget section */

/* Begin PBXProject section */
		5A9EB32B17DC5030000A386B /* Project object */ = {
			isa = PBXProject;
			attributes = {
				LastUpgradeCheck = 0460;
				ORGANIZATIONNAME = liu;
			};
			buildConfigurationList = 5A9EB32E17DC5030000A386B /* Build configuration list for PBXProject "cppExtendsDemo" */;
			compatibilityVersion = "Xcode 3.2";
			developmentRegion = English;
			hasScannedForEncodings = 0;
			knownRegions = (
				en,
			);
			mainGroup = 5A9EB32A17DC5030000A386B;
			productRefGroup = 5A9EB33417DC5030000A386B /* Products */;
			projectDirPath = "";
			projectRoot = "";
			targets = (
				5A9EB33217DC5030000A386B /* cppExtendsDemo */,
			);
		};
/* End PBXProject section */

/* Begin PBXSourcesBuildPhase section */
		5A9EB32F17DC5030000A386B /* Sources */ = {
			isa = PBXSourcesBuildPhase;
			buildActionMask = 2147483647;
			files = (
				5A9EB33717DC5030000A386B /* main.cpp in Sources */,
				5A9EB34117DC50F5000A386B /* Location.cpp in Sources */,
				5A9EB34417DC54ED000A386B /* Rectangle.cpp in Sources */,
			);
			runOnlyForDeploymentPostprocessing = 0;
		};
/* End PBXSourcesBuildPhase section */

/* Begin XCBuildConfiguration section */
		5A9EB33A17DC5031000A386B /* Debug */ = {
			isa = XCBuildConfiguration;
			buildSettings = {
				ALWAYS_SEARCH_USER_PATHS = NO;
				ARCHS = "$(ARCHS_STANDARD_64_BIT)";
				CLANG_CXX_LANGUAGE_STANDARD = "gnu++0x";
				CLANG_CXX_LIBRARY = "libc++";
				CLANG_WARN_CONSTANT_CONVERSION = YES;
				CLANG_WARN_EMPTY_BODY = YES;
				CLANG_WARN_ENUM_CONVERSION = YES;
				CLANG_WARN_INT_CONVERSION = YES;
				CLANG_WARN__DUPLICATE_METHOD_MATCH = YES;
				COPY_PHASE_STRIP = NO;
				GCC_C_LANGUAGE_STANDARD = gnu99;
				GCC_DYNAMIC_NO_PIC = NO;
				GCC_ENABLE_OBJC_EXCEPTIONS = YES;
				GCC_OPTIMIZATION_LEVEL = 0;
				GCC_PREPROCESSOR_DEFINITIONS = (
					"DEBUG=1",
					"$(inherited)",
				);
				GCC_SYMBOLS_PRIVATE_EXTERN = NO;
				GCC_WARN_64_TO_32_BIT_CONVERSION = YES;
				GCC_WARN_ABOUT_RETURN_TYPE = YES;
				GCC_WARN_UNINITIALIZED_AUTOS = YES;
				GCC_WARN_UNUSED_VARIABLE = YES;
				MACOSX_DEPLOYMENT_TARGET = 10.8;
				ONLY_ACTIVE_ARCH = YES;
				SDKROOT = macosx;
			};
			name = Debug;
		};
		5A9EB33B17DC5031000A386B /* Release */ = {
			isa = XCBuildConfiguration;
			buildSettings = {
				ALWAYS_SEARCH_USER_PATHS = NO;
				ARCHS = "$(ARCHS_STANDARD_64_BIT)";
				CLANG_CXX_LANGUAGE_STANDARD = "gnu++0x";
				CLANG_CXX_LIBRARY = "libc++";
				CLANG_WARN_CONSTANT_CONVERSION = YES;
				CLANG_WARN_EMPTY_BODY = YES;
				CLANG_WARN_ENUM_CONVERSION = YES;
				CLANG_WARN_INT_CONVERSION = YES;
				CLANG_WARN__DUPLICATE_METHOD_MATCH = YES;
				COPY_PHASE_STRIP = YES;
				DEBUG_INFORMATION_FORMAT = "dwarf-with-dsym";
				GCC_C_LANGUAGE_STANDARD = gnu99;
				GCC_ENABLE_OBJC_EXCEPTIONS = YES;
				GCC_WARN_64_TO_32_BIT_CONVERSION = YES;
				GCC_WARN_ABOUT_RETURN_TYPE = YES;
				GCC_WARN_UNINITIALIZED_AUTOS = YES;
				GCC_WARN_UNUSED_VARIABLE = YES;
				MACOSX_DEPLOYMENT_TARGET = 10.8;
				SDKROOT = macosx;
			};
			name = Release;
		};
		5A9EB33D17DC5031000A386B /* Debug */ = {
			isa = XCBuildConfiguration;
			buildSettings = {
				PRODUCT_NAME = "$(TARGET_NAME)";
			};
			name = Debug;
		};
		5A9EB33E17DC5031000A386B /* Release */ = {
			isa = XCBuildConfiguration;
			buildSettings = {
				PRODUCT_NAME = "$(TARGET_NAME)";
			};
			name = Release;
		};
/* End XCBuildConfiguration section */

/* Begin XCConfigurationList section */
		5A9EB32E17DC5030000A386B /* Build configuration list for PBXProject "cppExtendsDemo" */ = {
			isa = XCConfigurationList;
			buildConfigurations = (
				5A9EB33A17DC5031000A386B /* Debug */,
				5A9EB33B17DC5031000A386B /* Release */,
			);
			defaultConfigurationIsVisible = 0;
			defaultConfigurationName = Release;
		};
		5A9EB33C17DC5031000A386B /* Build configuration list for PBXNativeTarget "cppExtendsDemo" */ = {
			isa = XCConfigurationList;
			buildConfigurations = (
				5A9EB33D17DC5031000A386B /* Debug */,
				5A9EB33E17DC5031000A386B /* Release */,
			);
			defaultConfigurationIsVisible = 0;
		};
/* End XCConfigurationList section */
	};
	rootObject = 5A9EB32B17DC5030000A386B /* Project object */;
}
